
Microsoft Visual Studio Solution File, Format Version 12.00
# Visual Studio Version 16
VisualStudioVersion = 16.0.29020.237
MinimumVisualStudioVersion = 10.0.40219.1
Project("{FAE04EC0-301F-11D3-BF4B-00C04F79EFBC}") = "PagedDapper", "PagedDapper.csproj", "{106DA3FA-C2A0-44BE-874F-4D6C09661071}"
EndProject
Global
	GlobalSection(SolutionConfigurationPlatforms) = preSolution
		Debug|Any CPU = Debug|Any CPU
		Release|Any CPU = Release|Any CPU
	EndGlobalSection
	GlobalSection(ProjectConfigurationPlatforms) = postSolution
		{106DA3FA-C2A0-44BE-874F-4D6C09661071}.Debug|Any CPU.ActiveCfg = Debug|Any CPU
		{106DA3FA-C2A0-44BE-874F-4D6C09661071}.Debug|Any CPU.Build.0 = Debug|Any CPU
		{106DA3FA-C2A0-44BE-874F-4D6C09661071}.Release|Any CPU.ActiveCfg = Release|Any CPU
		{106DA3FA-C2A0-44BE-874F-4D6C09661071}.Release|Any CPU.Build.0 = Release|Any CPU
	EndGlobalSection
	GlobalSection(SolutionProperties) = preSolution
		HideSolutionNode = FALSE
	EndGlobalSection
	GlobalSection(ExtensibilityGlobals) = postSolution
		SolutionGuid = {4516DFB9-AC65-490A-AA69-5F2CB62EC5E8}
	EndGlobalSection
EndGlobal
